
Microsoft Visual Studio Solution File, Format Version 12.00
# Visual Studio Version 17
VisualStudioVersion = 17.11.35219.272
MinimumVisualStudioVersion = 10.0.40219.1
Project("{9A19103F-16F7-4668-BE54-9A1E7A4F7556}") = "Week2", "Week2\Week2.csproj", "{7CEA4A19-012E-4E83-BD24-7C76FDB60BF1}"
EndProject
Project("{FAE04EC0-301F-11D3-BF4B-00C04F79EFBC}") = "UserGenderValidation", "UserGenderValidation\UserGenderValidation.csproj", "{EEDE6FC7-BB17-435B-B78F-DA6536FFF80C}"
EndProject
Project("{FAE04EC0-301F-11D3-BF4B-00C04F79EFBC}") = "UserAgeValidation", "UserAgeValidation\UserAgeValidation.csproj", "{FDF1778A-1D5B-4DAD-8532-494D75DA3B28}"
EndProject
Global
	GlobalSection(SolutionConfigurationPlatforms) = preSolution
		Debug|Any CPU = Debug|Any CPU
		Release|Any CPU = Release|Any CPU
	EndGlobalSection
	GlobalSection(ProjectConfigurationPlatforms) = postSolution
		{7CEA4A19-012E-4E83-BD24-7C76FDB60BF1}.Debug|Any CPU.ActiveCfg = Debug|Any CPU
		{7CEA4A19-012E-4E83-BD24-7C76FDB60BF1}.Debug|Any CPU.Build.0 = Debug|Any CPU
		{7CEA4A19-012E-4E83-BD24-7C76FDB60BF1}.Release|Any CPU.ActiveCfg = Release|Any CPU
		{7CEA4A19-012E-4E83-BD24-7C76FDB60BF1}.Release|Any CPU.Build.0 = Release|Any CPU
		{EEDE6FC7-BB17-435B-B78F-DA6536FFF80C}.Debug|Any CPU.ActiveCfg = Debug|Any CPU
		{EEDE6FC7-BB17-435B-B78F-DA6536FFF80C}.Debug|Any CPU.Build.0 = Debug|Any CPU
		{EEDE6FC7-BB17-435B-B78F-DA6536FFF80C}.Release|Any CPU.ActiveCfg = Release|Any CPU
		{EEDE6FC7-BB17-435B-B78F-DA6536FFF80C}.Release|Any CPU.Build.0 = Release|Any CPU
		{FDF1778A-1D5B-4DAD-8532-494D75DA3B28}.Debug|Any CPU.ActiveCfg = Debug|Any CPU
		{FDF1778A-1D5B-4DAD-8532-494D75DA3B28}.Debug|Any CPU.Build.0 = Debug|Any CPU
		{FDF1778A-1D5B-4DAD-8532-494D75DA3B28}.Release|Any CPU.ActiveCfg = Release|Any CPU
		{FDF1778A-1D5B-4DAD-8532-494D75DA3B28}.Release|Any CPU.Build.0 = Release|Any CPU
	EndGlobalSection
	GlobalSection(SolutionProperties) = preSolution
		HideSolutionNode = FALSE
	EndGlobalSection
	GlobalSection(ExtensibilityGlobals) = postSolution
		SolutionGuid = {99A88156-85E0-4ED1-9C76-2237553A9F49}
	EndGlobalSection
EndGlobal
